
Microsoft Visual Studio Solution File, Format Version 12.00
Project("{FAE04EC0-301F-11D3-BF4B-00C04F79EFBC}") = "lab72", "lab72\lab72.csproj", "{725B8BD3-CBDA-400D-AE5F-98057C2E7A82}"
EndProject
Global
	GlobalSection(SolutionConfigurationPlatforms) = preSolution
		Debug|Any CPU = Debug|Any CPU
		Release|Any CPU = Release|Any CPU
	EndGlobalSection
	GlobalSection(ProjectConfigurationPlatforms) = postSolution
		{725B8BD3-CBDA-400D-AE5F-98057C2E7A82}.Debug|Any CPU.ActiveCfg = Debug|Any CPU
		{725B8BD3-CBDA-400D-AE5F-98057C2E7A82}.Debug|Any CPU.Build.0 = Debug|Any CPU
		{725B8BD3-CBDA-400D-AE5F-98057C2E7A82}.Release|Any CPU.ActiveCfg = Release|Any CPU
		{725B8BD3-CBDA-400D-AE5F-98057C2E7A82}.Release|Any CPU.Build.0 = Release|Any CPU
	EndGlobalSection
EndGlobal
